
Microsoft Visual Studio Solution File, Format Version 12.00
# Visual Studio Version 17
VisualStudioVersion = 17.13.35931.197
MinimumVisualStudioVersion = 10.0.40219.1
Project("{FAE04EC0-301F-11D3-BF4B-00C04F79EFBC}") = "Distributed System Project", "Distributed System Project.csproj", "{D8F7E81F-BA98-479B-BE0B-A605901AC86B}"
EndProject
Project("{FAE04EC0-301F-11D3-BF4B-00C04F79EFBC}") = "Thread_Project", "..\Thread_Project\Thread_Project.csproj", "{CACCB4A7-346E-4CF9-B267-30EBA3C80D4D}"
EndProject
Project("{2150E333-8FDC-42A3-9474-1A3956D46DE8}") = "TCP", "TCP", "{02EA681E-C7D8-13C7-8484-4AC65E1B71E8}"
EndProject
Project("{2150E333-8FDC-42A3-9474-1A3956D46DE8}") = "UDP", "UDP", "{D4242882-AA86-4E13-9F05-7BDBEA29593D}"
EndProject
Project("{FAE04EC0-301F-11D3-BF4B-00C04F79EFBC}") = "Proccess_Project", "..\Proccess_Project\Proccess_Project.csproj", "{2DDA7ADE-2523-4E68-A2E0-E08349CE3EA4}"
EndProject
Project("{2150E333-8FDC-42A3-9474-1A3956D46DE8}") = "Server", "Server", "{4DE51EF2-D7D5-4AFC-A110-BBB4F02DBDD9}"
EndProject
Project("{2150E333-8FDC-42A3-9474-1A3956D46DE8}") = "Client", "Client", "{A7ED2C5D-9B6F-468C-A49B-315F21C6DAEA}"
EndProject
Project("{FAE04EC0-301F-11D3-BF4B-00C04F79EFBC}") = "Server One Client One Message", "..\Server One Client One Message\Server One Client One Message.csproj", "{9B9465BA-6735-4599-8944-53C34B87DB97}"
EndProject
Project("{FAE04EC0-301F-11D3-BF4B-00C04F79EFBC}") = "Client One Client One Message", "..\Client One Client One Message\Client One Client One Message.csproj", "{9602618E-16CC-4E3F-9550-92E8BD0CA954}"
EndProject
Project("{FAE04EC0-301F-11D3-BF4B-00C04F79EFBC}") = "Client One Client Multi Messages", "..\Client One Client Multi Messages\Client One Client Multi Messages.csproj", "{A6D05000-82A6-4974-96E4-1ED5B3B597ED}"
EndProject
Project("{FAE04EC0-301F-11D3-BF4B-00C04F79EFBC}") = "Server One Client Multi Messages", "..\Server One Client Multi Messages\Server One Client Multi Messages.csproj", "{4C4729E8-D335-476C-950E-D16D6398CAAA}"
EndProject
Project("{FAE04EC0-301F-11D3-BF4B-00C04F79EFBC}") = "Client Multi Client Multi Messages", "..\Client Multi Client Multi Messages\Client Multi Client Multi Messages.csproj", "{FBAA140C-D405-498C-A034-0A0239B6DF02}"
EndProject
Project("{FAE04EC0-301F-11D3-BF4B-00C04F79EFBC}") = "Server Multi Client Multi Messages", "..\Server Multi Client Multi Messages\Server Multi Client Multi Messages.csproj", "{F00776FA-F56A-46B4-B6D9-11D7CF46F727}"
EndProject
Project("{2150E333-8FDC-42A3-9474-1A3956D46DE8}") = "ShareFile", "ShareFile", "{E2491CC3-6FFE-4AE9-B9CF-0AD0B9D4B8AB}"
EndProject
Project("{FAE04EC0-301F-11D3-BF4B-00C04F79EFBC}") = "Client Share File", "..\Client Share File\Client Share File.csproj", "{C1409843-F937-4F0C-927E-DD49AC051F57}"
EndProject
Project("{FAE04EC0-301F-11D3-BF4B-00C04F79EFBC}") = "Server Share File", "..\Server Share File\Server Share File.csproj", "{5F2A7D8C-8655-4C0D-9896-8D4382F01E9C}"
EndProject
Project("{FAE04EC0-301F-11D3-BF4B-00C04F79EFBC}") = "Server_Test", "..\Server_Test\Server_Test.csproj", "{D05C50E0-DDC0-4B41-A999-B532514B7E71}"
EndProject
Project("{FAE04EC0-301F-11D3-BF4B-00C04F79EFBC}") = "Client_Test", "..\Client_Test\Client_Test.csproj", "{AE4C4613-8F88-4121-A5C3-E791E2BD4B4D}"
EndProject
Project("{2150E333-8FDC-42A3-9474-1A3956D46DE8}") = "Test", "Test", "{CAD9E2E9-59A8-4F78-8373-9B8923D76EC0}"
EndProject
Project("{2150E333-8FDC-42A3-9474-1A3956D46DE8}") = "Server", "Server", "{2C9F138F-0976-424B-8B76-E47BD800BE99}"
EndProject
Project("{2150E333-8FDC-42A3-9474-1A3956D46DE8}") = "Client", "Client", "{61B7B0EA-8B0D-4288-A0C4-3812FC75BB6D}"
EndProject
Project("{FAE04EC0-301F-11D3-BF4B-00C04F79EFBC}") = "Client One Client One Server", "..\Client One Client One Server\Client One Client One Server.csproj", "{0D61A9C2-7C66-4F4B-BC52-EB6C466A3966}"
EndProject
Project("{FAE04EC0-301F-11D3-BF4B-00C04F79EFBC}") = "Server One Client One Server", "..\Server One Client One Server\Server One Client One Server.csproj", "{74B3CC8E-869E-4B19-A24C-F90A36D5EAA5}"
EndProject
Project("{FAE04EC0-301F-11D3-BF4B-00C04F79EFBC}") = "UDP Client Multi Client Multi Server", "..\UDP Client Multi Client Multi Server\UDP Client Multi Client Multi Server.csproj", "{1AC6FAD6-A9D1-49B2-8A46-E303EB55A2C2}"
EndProject
Project("{FAE04EC0-301F-11D3-BF4B-00C04F79EFBC}") = "UDP_Server Multi Client Multi Server", "..\UDP_Server Multi Client Multi Server\UDP_Server Multi Client Multi Server.csproj", "{2393E3CC-E13A-40D4-99A9-4ADC2B1C4CCD}"
EndProject
Project("{2150E333-8FDC-42A3-9474-1A3956D46DE8}") = "Chat", "Chat", "{FAD4F958-BB1D-48F9-BD9C-6300A32AE246}"
EndProject
Project("{FAE04EC0-301F-11D3-BF4B-00C04F79EFBC}") = "UDP_Chat", "..\UDP_Chat\UDP_Chat.csproj", "{BE595B1C-C6ED-42FD-8961-108B0EFB2AD3}"
EndProject
Project("{2150E333-8FDC-42A3-9474-1A3956D46DE8}") = "Remoting", "Remoting", "{040E3C7F-0328-4F44-826C-5668EDBF738C}"
EndProject
Project("{2150E333-8FDC-42A3-9474-1A3956D46DE8}") = "Simple .NET Remoting", "Simple .NET Remoting", "{F380359D-D078-4EF8-8C91-B55A672BC506}"
EndProject
Project("{FAE04EC0-301F-11D3-BF4B-00C04F79EFBC}") = "Remoting Server", "..\Remoting Server\Remoting Server.csproj", "{2F734E6D-79D7-4732-B265-8CF98784C5E7}"
EndProject
Project("{FAE04EC0-301F-11D3-BF4B-00C04F79EFBC}") = "Remoting Client", "..\Remoting Client\Remoting Client.csproj", "{64B50F44-4CAA-4B04-814F-95ACC31D9404}"
EndProject
Project("{FAE04EC0-301F-11D3-BF4B-00C04F79EFBC}") = "Remoting Class Library", "..\Remoting Class Library\Remoting Class Library.csproj", "{1C78BB9E-5C35-49CD-A51F-6C38DB745637}"
EndProject
Project("{2150E333-8FDC-42A3-9474-1A3956D46DE8}") = "Using Interface and Implement in server", "Using Interface and Implement in server", "{9B753D63-B38D-4234-A3AF-C61346C16F63}"
EndProject
Project("{FAE04EC0-301F-11D3-BF4B-00C04F79EFBC}") = "Inerface Class Library", "..\Inerface Class Library\Inerface Class Library.csproj", "{F7DF48C0-768E-401F-8506-6AF44CEB352F}"
EndProject
Project("{FAE04EC0-301F-11D3-BF4B-00C04F79EFBC}") = "Interface Remoting Server", "..\Interface Remoting Server\Interface Remoting Server.csproj", "{315F0FC6-5DDB-40DF-B660-C05E751D4471}"
EndProject
Project("{FAE04EC0-301F-11D3-BF4B-00C04F79EFBC}") = "Interface Remoting Client", "..\Interface Remoting Client\Interface Remoting Client.csproj", "{99C45170-E203-4004-AB8B-362929CB4A4B}"
EndProject
Global
	GlobalSection(SolutionConfigurationPlatforms) = preSolution
		Debug|Any CPU = Debug|Any CPU
		Release|Any CPU = Release|Any CPU
	EndGlobalSection
	GlobalSection(ProjectConfigurationPlatforms) = postSolution
		{D8F7E81F-BA98-479B-BE0B-A605901AC86B}.Debug|Any CPU.ActiveCfg = Debug|Any CPU
		{D8F7E81F-BA98-479B-BE0B-A605901AC86B}.Debug|Any CPU.Build.0 = Debug|Any CPU
		{D8F7E81F-BA98-479B-BE0B-A605901AC86B}.Release|Any CPU.ActiveCfg = Release|Any CPU
		{D8F7E81F-BA98-479B-BE0B-A605901AC86B}.Release|Any CPU.Build.0 = Release|Any CPU
		{CACCB4A7-346E-4CF9-B267-30EBA3C80D4D}.Debug|Any CPU.ActiveCfg = Debug|Any CPU
		{CACCB4A7-346E-4CF9-B267-30EBA3C80D4D}.Debug|Any CPU.Build.0 = Debug|Any CPU
		{CACCB4A7-346E-4CF9-B267-30EBA3C80D4D}.Release|Any CPU.ActiveCfg = Release|Any CPU
		{CACCB4A7-346E-4CF9-B267-30EBA3C80D4D}.Release|Any CPU.Build.0 = Release|Any CPU
		{2DDA7ADE-2523-4E68-A2E0-E08349CE3EA4}.Debug|Any CPU.ActiveCfg = Debug|Any CPU
		{2DDA7ADE-2523-4E68-A2E0-E08349CE3EA4}.Debug|Any CPU.Build.0 = Debug|Any CPU
		{2DDA7ADE-2523-4E68-A2E0-E08349CE3EA4}.Release|Any CPU.ActiveCfg = Release|Any CPU
		{2DDA7ADE-2523-4E68-A2E0-E08349CE3EA4}.Release|Any CPU.Build.0 = Release|Any CPU
		{9B9465BA-6735-4599-8944-53C34B87DB97}.Debug|Any CPU.ActiveCfg = Debug|Any CPU
		{9B9465BA-6735-4599-8944-53C34B87DB97}.Debug|Any CPU.Build.0 = Debug|Any CPU
		{9B9465BA-6735-4599-8944-53C34B87DB97}.Release|Any CPU.ActiveCfg = Release|Any CPU
		{9B9465BA-6735-4599-8944-53C34B87DB97}.Release|Any CPU.Build.0 = Release|Any CPU
		{9602618E-16CC-4E3F-9550-92E8BD0CA954}.Debug|Any CPU.ActiveCfg = Debug|Any CPU
		{9602618E-16CC-4E3F-9550-92E8BD0CA954}.Debug|Any CPU.Build.0 = Debug|Any CPU
		{9602618E-16CC-4E3F-9550-92E8BD0CA954}.Release|Any CPU.ActiveCfg = Release|Any CPU
		{9602618E-16CC-4E3F-9550-92E8BD0CA954}.Release|Any CPU.Build.0 = Release|Any CPU
		{A6D05000-82A6-4974-96E4-1ED5B3B597ED}.Debug|Any CPU.ActiveCfg = Debug|Any CPU
		{A6D05000-82A6-4974-96E4-1ED5B3B597ED}.Debug|Any CPU.Build.0 = Debug|Any CPU
		{A6D05000-82A6-4974-96E4-1ED5B3B597ED}.Release|Any CPU.ActiveCfg = Release|Any CPU
		{A6D05000-82A6-4974-96E4-1ED5B3B597ED}.Release|Any CPU.Build.0 = Release|Any CPU
		{4C4729E8-D335-476C-950E-D16D6398CAAA}.Debug|Any CPU.ActiveCfg = Debug|Any CPU
		{4C4729E8-D335-476C-950E-D16D6398CAAA}.Debug|Any CPU.Build.0 = Debug|Any CPU
		{4C4729E8-D335-476C-950E-D16D6398CAAA}.Release|Any CPU.ActiveCfg = Release|Any CPU
		{4C4729E8-D335-476C-950E-D16D6398CAAA}.Release|Any CPU.Build.0 = Release|Any CPU
		{FBAA140C-D405-498C-A034-0A0239B6DF02}.Debug|Any CPU.ActiveCfg = Debug|Any CPU
		{FBAA140C-D405-498C-A034-0A0239B6DF02}.Debug|Any CPU.Build.0 = Debug|Any CPU
		{FBAA140C-D405-498C-A034-0A0239B6DF02}.Release|Any CPU.ActiveCfg = Release|Any CPU
		{FBAA140C-D405-498C-A034-0A0239B6DF02}.Release|Any CPU.Build.0 = Release|Any CPU
		{F00776FA-F56A-46B4-B6D9-11D7CF46F727}.Debug|Any CPU.ActiveCfg = Debug|Any CPU
		{F00776FA-F56A-46B4-B6D9-11D7CF46F727}.Debug|Any CPU.Build.0 = Debug|Any CPU
		{F00776FA-F56A-46B4-B6D9-11D7CF46F727}.Release|Any CPU.ActiveCfg = Release|Any CPU
		{F00776FA-F56A-46B4-B6D9-11D7CF46F727}.Release|Any CPU.Build.0 = Release|Any CPU
		{C1409843-F937-4F0C-927E-DD49AC051F57}.Debug|Any CPU.ActiveCfg = Debug|Any CPU
		{C1409843-F937-4F0C-927E-DD49AC051F57}.Debug|Any CPU.Build.0 = Debug|Any CPU
		{C1409843-F937-4F0C-927E-DD49AC051F57}.Release|Any CPU.ActiveCfg = Release|Any CPU
		{C1409843-F937-4F0C-927E-DD49AC051F57}.Release|Any CPU.Build.0 = Release|Any CPU
		{5F2A7D8C-8655-4C0D-9896-8D4382F01E9C}.Debug|Any CPU.ActiveCfg = Debug|Any CPU
		{5F2A7D8C-8655-4C0D-9896-8D4382F01E9C}.Debug|Any CPU.Build.0 = Debug|Any CPU
		{5F2A7D8C-8655-4C0D-9896-8D4382F01E9C}.Release|Any CPU.ActiveCfg = Release|Any CPU
		{5F2A7D8C-8655-4C0D-9896-8D4382F01E9C}.Release|Any CPU.Build.0 = Release|Any CPU
		{D05C50E0-DDC0-4B41-A999-B532514B7E71}.Debug|Any CPU.ActiveCfg = Debug|Any CPU
		{D05C50E0-DDC0-4B41-A999-B532514B7E71}.Debug|Any CPU.Build.0 = Debug|Any CPU
		{D05C50E0-DDC0-4B41-A999-B532514B7E71}.Release|Any CPU.ActiveCfg = Release|Any CPU
		{D05C50E0-DDC0-4B41-A999-B532514B7E71}.Release|Any CPU.Build.0 = Release|Any CPU
		{AE4C4613-8F88-4121-A5C3-E791E2BD4B4D}.Debug|Any CPU.ActiveCfg = Debug|Any CPU
		{AE4C4613-8F88-4121-A5C3-E791E2BD4B4D}.Debug|Any CPU.Build.0 = Debug|Any CPU
		{AE4C4613-8F88-4121-A5C3-E791E2BD4B4D}.Release|Any CPU.ActiveCfg = Release|Any CPU
		{AE4C4613-8F88-4121-A5C3-E791E2BD4B4D}.Release|Any CPU.Build.0 = Release|Any CPU
		{0D61A9C2-7C66-4F4B-BC52-EB6C466A3966}.Debug|Any CPU.ActiveCfg = Debug|Any CPU
		{0D61A9C2-7C66-4F4B-BC52-EB6C466A3966}.Debug|Any CPU.Build.0 = Debug|Any CPU
		{0D61A9C2-7C66-4F4B-BC52-EB6C466A3966}.Release|Any CPU.ActiveCfg = Release|Any CPU
		{0D61A9C2-7C66-4F4B-BC52-EB6C466A3966}.Release|Any CPU.Build.0 = Release|Any CPU
		{74B3CC8E-869E-4B19-A24C-F90A36D5EAA5}.Debug|Any CPU.ActiveCfg = Debug|Any CPU
		{74B3CC8E-869E-4B19-A24C-F90A36D5EAA5}.Debug|Any CPU.Build.0 = Debug|Any CPU
		{74B3CC8E-869E-4B19-A24C-F90A36D5EAA5}.Release|Any CPU.ActiveCfg = Release|Any CPU
		{74B3CC8E-869E-4B19-A24C-F90A36D5EAA5}.Release|Any CPU.Build.0 = Release|Any CPU
		{1AC6FAD6-A9D1-49B2-8A46-E303EB55A2C2}.Debug|Any CPU.ActiveCfg = Debug|Any CPU
		{1AC6FAD6-A9D1-49B2-8A46-E303EB55A2C2}.Debug|Any CPU.Build.0 = Debug|Any CPU
		{1AC6FAD6-A9D1-49B2-8A46-E303EB55A2C2}.Release|Any CPU.ActiveCfg = Release|Any CPU
		{1AC6FAD6-A9D1-49B2-8A46-E303EB55A2C2}.Release|Any CPU.Build.0 = Release|Any CPU
		{2393E3CC-E13A-40D4-99A9-4ADC2B1C4CCD}.Debug|Any CPU.ActiveCfg = Debug|Any CPU
		{2393E3CC-E13A-40D4-99A9-4ADC2B1C4CCD}.Debug|Any CPU.Build.0 = Debug|Any CPU
		{2393E3CC-E13A-40D4-99A9-4ADC2B1C4CCD}.Release|Any CPU.ActiveCfg = Release|Any CPU
		{2393E3CC-E13A-40D4-99A9-4ADC2B1C4CCD}.Release|Any CPU.Build.0 = Release|Any CPU
		{BE595B1C-C6ED-42FD-8961-108B0EFB2AD3}.Debug|Any CPU.ActiveCfg = Debug|Any CPU
		{BE595B1C-C6ED-42FD-8961-108B0EFB2AD3}.Debug|Any CPU.Build.0 = Debug|Any CPU
		{BE595B1C-C6ED-42FD-8961-108B0EFB2AD3}.Release|Any CPU.ActiveCfg = Release|Any CPU
		{BE595B1C-C6ED-42FD-8961-108B0EFB2AD3}.Release|Any CPU.Build.0 = Release|Any CPU
		{2F734E6D-79D7-4732-B265-8CF98784C5E7}.Debug|Any CPU.ActiveCfg = Debug|Any CPU
		{2F734E6D-79D7-4732-B265-8CF98784C5E7}.Debug|Any CPU.Build.0 = Debug|Any CPU
		{2F734E6D-79D7-4732-B265-8CF98784C5E7}.Release|Any CPU.ActiveCfg = Release|Any CPU
		{2F734E6D-79D7-4732-B265-8CF98784C5E7}.Release|Any CPU.Build.0 = Release|Any CPU
		{64B50F44-4CAA-4B04-814F-95ACC31D9404}.Debug|Any CPU.ActiveCfg = Debug|Any CPU
		{64B50F44-4CAA-4B04-814F-95ACC31D9404}.Debug|Any CPU.Build.0 = Debug|Any CPU
		{64B50F44-4CAA-4B04-814F-95ACC31D9404}.Release|Any CPU.ActiveCfg = Release|Any CPU
		{64B50F44-4CAA-4B04-814F-95ACC31D9404}.Release|Any CPU.Build.0 = Release|Any CPU
		{1C78BB9E-5C35-49CD-A51F-6C38DB745637}.Debug|Any CPU.ActiveCfg = Debug|Any CPU
		{1C78BB9E-5C35-49CD-A51F-6C38DB745637}.Debug|Any CPU.Build.0 = Debug|Any CPU
		{1C78BB9E-5C35-49CD-A51F-6C38DB745637}.Release|Any CPU.ActiveCfg = Release|Any CPU
		{1C78BB9E-5C35-49CD-A51F-6C38DB745637}.Release|Any CPU.Build.0 = Release|Any CPU
		{F7DF48C0-768E-401F-8506-6AF44CEB352F}.Debug|Any CPU.ActiveCfg = Debug|Any CPU
		{F7DF48C0-768E-401F-8506-6AF44CEB352F}.Debug|Any CPU.Build.0 = Debug|Any CPU
		{F7DF48C0-768E-401F-8506-6AF44CEB352F}.Release|Any CPU.ActiveCfg = Release|Any CPU
		{F7DF48C0-768E-401F-8506-6AF44CEB352F}.Release|Any CPU.Build.0 = Release|Any CPU
		{315F0FC6-5DDB-40DF-B660-C05E751D4471}.Debug|Any CPU.ActiveCfg = Debug|Any CPU
		{315F0FC6-5DDB-40DF-B660-C05E751D4471}.Debug|Any CPU.Build.0 = Debug|Any CPU
		{315F0FC6-5DDB-40DF-B660-C05E751D4471}.Release|Any CPU.ActiveCfg = Release|Any CPU
		{315F0FC6-5DDB-40DF-B660-C05E751D4471}.Release|Any CPU.Build.0 = Release|Any CPU
		{99C45170-E203-4004-AB8B-362929CB4A4B}.Debug|Any CPU.ActiveCfg = Debug|Any CPU
		{99C45170-E203-4004-AB8B-362929CB4A4B}.Debug|Any CPU.Build.0 = Debug|Any CPU
		{99C45170-E203-4004-AB8B-362929CB4A4B}.Release|Any CPU.ActiveCfg = Release|Any CPU
		{99C45170-E203-4004-AB8B-362929CB4A4B}.Release|Any CPU.Build.0 = Release|Any CPU
	EndGlobalSection
	GlobalSection(SolutionProperties) = preSolution
		HideSolutionNode = FALSE
	EndGlobalSection
	GlobalSection(NestedProjects) = preSolution
		{4DE51EF2-D7D5-4AFC-A110-BBB4F02DBDD9} = {02EA681E-C7D8-13C7-8484-4AC65E1B71E8}
		{A7ED2C5D-9B6F-468C-A49B-315F21C6DAEA} = {02EA681E-C7D8-13C7-8484-4AC65E1B71E8}
		{9B9465BA-6735-4599-8944-53C34B87DB97} = {4DE51EF2-D7D5-4AFC-A110-BBB4F02DBDD9}
		{9602618E-16CC-4E3F-9550-92E8BD0CA954} = {A7ED2C5D-9B6F-468C-A49B-315F21C6DAEA}
		{A6D05000-82A6-4974-96E4-1ED5B3B597ED} = {A7ED2C5D-9B6F-468C-A49B-315F21C6DAEA}
		{4C4729E8-D335-476C-950E-D16D6398CAAA} = {4DE51EF2-D7D5-4AFC-A110-BBB4F02DBDD9}
		{FBAA140C-D405-498C-A034-0A0239B6DF02} = {A7ED2C5D-9B6F-468C-A49B-315F21C6DAEA}
		{F00776FA-F56A-46B4-B6D9-11D7CF46F727} = {4DE51EF2-D7D5-4AFC-A110-BBB4F02DBDD9}
		{E2491CC3-6FFE-4AE9-B9CF-0AD0B9D4B8AB} = {02EA681E-C7D8-13C7-8484-4AC65E1B71E8}
		{C1409843-F937-4F0C-927E-DD49AC051F57} = {E2491CC3-6FFE-4AE9-B9CF-0AD0B9D4B8AB}
		{5F2A7D8C-8655-4C0D-9896-8D4382F01E9C} = {E2491CC3-6FFE-4AE9-B9CF-0AD0B9D4B8AB}
		{D05C50E0-DDC0-4B41-A999-B532514B7E71} = {CAD9E2E9-59A8-4F78-8373-9B8923D76EC0}
		{AE4C4613-8F88-4121-A5C3-E791E2BD4B4D} = {CAD9E2E9-59A8-4F78-8373-9B8923D76EC0}
		{2C9F138F-0976-424B-8B76-E47BD800BE99} = {D4242882-AA86-4E13-9F05-7BDBEA29593D}
		{61B7B0EA-8B0D-4288-A0C4-3812FC75BB6D} = {D4242882-AA86-4E13-9F05-7BDBEA29593D}
		{0D61A9C2-7C66-4F4B-BC52-EB6C466A3966} = {61B7B0EA-8B0D-4288-A0C4-3812FC75BB6D}
		{74B3CC8E-869E-4B19-A24C-F90A36D5EAA5} = {2C9F138F-0976-424B-8B76-E47BD800BE99}
		{1AC6FAD6-A9D1-49B2-8A46-E303EB55A2C2} = {61B7B0EA-8B0D-4288-A0C4-3812FC75BB6D}
		{2393E3CC-E13A-40D4-99A9-4ADC2B1C4CCD} = {2C9F138F-0976-424B-8B76-E47BD800BE99}
		{FAD4F958-BB1D-48F9-BD9C-6300A32AE246} = {D4242882-AA86-4E13-9F05-7BDBEA29593D}
		{BE595B1C-C6ED-42FD-8961-108B0EFB2AD3} = {FAD4F958-BB1D-48F9-BD9C-6300A32AE246}
		{F380359D-D078-4EF8-8C91-B55A672BC506} = {040E3C7F-0328-4F44-826C-5668EDBF738C}
		{2F734E6D-79D7-4732-B265-8CF98784C5E7} = {F380359D-D078-4EF8-8C91-B55A672BC506}
		{64B50F44-4CAA-4B04-814F-95ACC31D9404} = {F380359D-D078-4EF8-8C91-B55A672BC506}
		{1C78BB9E-5C35-49CD-A51F-6C38DB745637} = {F380359D-D078-4EF8-8C91-B55A672BC506}
		{9B753D63-B38D-4234-A3AF-C61346C16F63} = {040E3C7F-0328-4F44-826C-5668EDBF738C}
		{F7DF48C0-768E-401F-8506-6AF44CEB352F} = {9B753D63-B38D-4234-A3AF-C61346C16F63}
		{315F0FC6-5DDB-40DF-B660-C05E751D4471} = {9B753D63-B38D-4234-A3AF-C61346C16F63}
		{99C45170-E203-4004-AB8B-362929CB4A4B} = {9B753D63-B38D-4234-A3AF-C61346C16F63}
	EndGlobalSection
	GlobalSection(ExtensibilityGlobals) = postSolution
		SolutionGuid = {393079BF-4A02-45C3-B53F-0D23F34C8C48}
	EndGlobalSection
EndGlobal
